
Microsoft Visual Studio Solution File, Format Version 12.00
# Visual Studio 15
VisualStudioVersion = 15.0.28307.271
MinimumVisualStudioVersion = 10.0.40219.1
Project("{9A19103F-16F7-4668-BE54-9A1E7A4F7556}") = "CookieOrders", "CookieOrders\CookieOrders.csproj", "{296940B9-B9A1-4687-AA72-76EE808C3431}"
EndProject
Project("{FAE04EC0-301F-11D3-BF4B-00C04F79EFBC}") = "CookieOrdersTests.Tests", "CookieOrdersTests.Tests\CookieOrdersTests.Tests.csproj", "{39FDDF25-6982-4AA7-B288-70A19BC4AC3B}"
EndProject
Global
	GlobalSection(SolutionConfigurationPlatforms) = preSolution
		Debug|Any CPU = Debug|Any CPU
		Release|Any CPU = Release|Any CPU
	EndGlobalSection
	GlobalSection(ProjectConfigurationPlatforms) = postSolution
		{296940B9-B9A1-4687-AA72-76EE808C3431}.Debug|Any CPU.ActiveCfg = Debug|Any CPU
		{296940B9-B9A1-4687-AA72-76EE808C3431}.Debug|Any CPU.Build.0 = Debug|Any CPU
		{296940B9-B9A1-4687-AA72-76EE808C3431}.Release|Any CPU.ActiveCfg = Release|Any CPU
		{296940B9-B9A1-4687-AA72-76EE808C3431}.Release|Any CPU.Build.0 = Release|Any CPU
		{39FDDF25-6982-4AA7-B288-70A19BC4AC3B}.Debug|Any CPU.ActiveCfg = Debug|Any CPU
		{39FDDF25-6982-4AA7-B288-70A19BC4AC3B}.Debug|Any CPU.Build.0 = Debug|Any CPU
		{39FDDF25-6982-4AA7-B288-70A19BC4AC3B}.Release|Any CPU.ActiveCfg = Release|Any CPU
		{39FDDF25-6982-4AA7-B288-70A19BC4AC3B}.Release|Any CPU.Build.0 = Release|Any CPU
	EndGlobalSection
	GlobalSection(SolutionProperties) = preSolution
		HideSolutionNode = FALSE
	EndGlobalSection
	GlobalSection(ExtensibilityGlobals) = postSolution
		SolutionGuid = {9E8038A3-1E87-4450-BE1F-AFEDF0042693}
	EndGlobalSection
EndGlobal
